
Microsoft Visual Studio Solution File, Format Version 12.00
# Visual Studio Version 16
VisualStudioVersion = 16.0.31410.357
MinimumVisualStudioVersion = 10.0.40219.1
Project("{2150E333-8FDC-42A3-9474-1A3956D46DE8}") = "4 - Dominio", "4 - Dominio", "{73AB6697-C265-4B9D-B060-DE9FE59D0E96}"
EndProject
Project("{9A19103F-16F7-4668-BE54-9A1E7A4F7556}") = "ProdutoStoreApi.Dominio", "ProdutoStoreApi.Dominio\ProdutoStoreApi.Dominio.csproj", "{AC38A6D0-9E4F-4530-BA64-5C92503A3A6B}"
EndProject
Project("{9A19103F-16F7-4668-BE54-9A1E7A4F7556}") = "ProdutoStoreApi.Dominio.Tests", "ProdutoStoreApi.Dominio.Tests\ProdutoStoreApi.Dominio.Tests.csproj", "{ADDEB4A6-3F56-47E1-AAB1-ADF08EAADE00}"
EndProject
Project("{2150E333-8FDC-42A3-9474-1A3956D46DE8}") = "5 - Infraestrutura", "5 - Infraestrutura", "{A28F8987-0945-4BF9-9F91-D9B16B9E0AA7}"
EndProject
Project("{9A19103F-16F7-4668-BE54-9A1E7A4F7556}") = "ProdutoStoreApi.Dados", "ProdutoStoreApi.Dados\ProdutoStoreApi.Dados.csproj", "{C2EBFA06-227F-4401-B342-30C7BEA450FF}"
EndProject
Project("{2150E333-8FDC-42A3-9474-1A3956D46DE8}") = "3 - AplicacaoServico", "3 - AplicacaoServico", "{458CA654-13E0-41D6-810A-BD47C4BE2AC1}"
EndProject
Project("{FAE04EC0-301F-11D3-BF4B-00C04F79EFBC}") = "ProdutoStoreApi.AplicacaoServico", "ProdutoStoreApi.AplicacaoServico\ProdutoStoreApi.AplicacaoServico.csproj", "{3A374EF4-F1B9-400B-BF2B-4DB25FC95A1A}"
EndProject
Project("{2150E333-8FDC-42A3-9474-1A3956D46DE8}") = "2 - API", "2 - API", "{54DD205A-B2A9-4852-A73C-CBD4294446F9}"
EndProject
Project("{FAE04EC0-301F-11D3-BF4B-00C04F79EFBC}") = "ProdutoStoreApi.API", "ProdutoStoreApi.API\ProdutoStoreApi.API.csproj", "{D2D1F71F-B12D-4702-A28F-C9B81BE9923A}"
EndProject
Global
	GlobalSection(SolutionConfigurationPlatforms) = preSolution
		Debug|Any CPU = Debug|Any CPU
		Release|Any CPU = Release|Any CPU
	EndGlobalSection
	GlobalSection(ProjectConfigurationPlatforms) = postSolution
		{AC38A6D0-9E4F-4530-BA64-5C92503A3A6B}.Debug|Any CPU.ActiveCfg = Debug|Any CPU
		{AC38A6D0-9E4F-4530-BA64-5C92503A3A6B}.Debug|Any CPU.Build.0 = Debug|Any CPU
		{AC38A6D0-9E4F-4530-BA64-5C92503A3A6B}.Release|Any CPU.ActiveCfg = Release|Any CPU
		{AC38A6D0-9E4F-4530-BA64-5C92503A3A6B}.Release|Any CPU.Build.0 = Release|Any CPU
		{ADDEB4A6-3F56-47E1-AAB1-ADF08EAADE00}.Debug|Any CPU.ActiveCfg = Debug|Any CPU
		{ADDEB4A6-3F56-47E1-AAB1-ADF08EAADE00}.Debug|Any CPU.Build.0 = Debug|Any CPU
		{ADDEB4A6-3F56-47E1-AAB1-ADF08EAADE00}.Release|Any CPU.ActiveCfg = Release|Any CPU
		{ADDEB4A6-3F56-47E1-AAB1-ADF08EAADE00}.Release|Any CPU.Build.0 = Release|Any CPU
		{C2EBFA06-227F-4401-B342-30C7BEA450FF}.Debug|Any CPU.ActiveCfg = Debug|Any CPU
		{C2EBFA06-227F-4401-B342-30C7BEA450FF}.Debug|Any CPU.Build.0 = Debug|Any CPU
		{C2EBFA06-227F-4401-B342-30C7BEA450FF}.Release|Any CPU.ActiveCfg = Release|Any CPU
		{C2EBFA06-227F-4401-B342-30C7BEA450FF}.Release|Any CPU.Build.0 = Release|Any CPU
		{3A374EF4-F1B9-400B-BF2B-4DB25FC95A1A}.Debug|Any CPU.ActiveCfg = Debug|Any CPU
		{3A374EF4-F1B9-400B-BF2B-4DB25FC95A1A}.Debug|Any CPU.Build.0 = Debug|Any CPU
		{3A374EF4-F1B9-400B-BF2B-4DB25FC95A1A}.Release|Any CPU.ActiveCfg = Release|Any CPU
		{3A374EF4-F1B9-400B-BF2B-4DB25FC95A1A}.Release|Any CPU.Build.0 = Release|Any CPU
		{D2D1F71F-B12D-4702-A28F-C9B81BE9923A}.Debug|Any CPU.ActiveCfg = Debug|Any CPU
		{D2D1F71F-B12D-4702-A28F-C9B81BE9923A}.Debug|Any CPU.Build.0 = Debug|Any CPU
		{D2D1F71F-B12D-4702-A28F-C9B81BE9923A}.Release|Any CPU.ActiveCfg = Release|Any CPU
		{D2D1F71F-B12D-4702-A28F-C9B81BE9923A}.Release|Any CPU.Build.0 = Release|Any CPU
	EndGlobalSection
	GlobalSection(SolutionProperties) = preSolution
		HideSolutionNode = FALSE
	EndGlobalSection
	GlobalSection(NestedProjects) = preSolution
		{AC38A6D0-9E4F-4530-BA64-5C92503A3A6B} = {73AB6697-C265-4B9D-B060-DE9FE59D0E96}
		{ADDEB4A6-3F56-47E1-AAB1-ADF08EAADE00} = {73AB6697-C265-4B9D-B060-DE9FE59D0E96}
		{C2EBFA06-227F-4401-B342-30C7BEA450FF} = {A28F8987-0945-4BF9-9F91-D9B16B9E0AA7}
		{3A374EF4-F1B9-400B-BF2B-4DB25FC95A1A} = {458CA654-13E0-41D6-810A-BD47C4BE2AC1}
		{D2D1F71F-B12D-4702-A28F-C9B81BE9923A} = {54DD205A-B2A9-4852-A73C-CBD4294446F9}
	EndGlobalSection
	GlobalSection(ExtensibilityGlobals) = postSolution
		SolutionGuid = {9E5B0E29-E6AE-4C91-8680-6BE11F7919A3}
	EndGlobalSection
EndGlobal
